// !$*UTF8*$!
{
	archiveVersion = 1;
	classes = {
	};
	objectVersion = 46;
	objects = {

/* Begin PBXBuildFile section */
		7F3010BE1AB0DB4A0005C27F /* main.m in Sources */ = {isa = PBXBuildFile; fileRef = 7F3010BD1AB0DB4A0005C27F /* main.m */; };
		7F3010C11AB0DB4A0005C27F /* AppDelegate.m in Sources */ = {isa = PBXBuildFile; fileRef = 7F3010C01AB0DB4A0005C27F /* AppDelegate.m */; };
		7F3010C41AB0DB4A0005C27F /* ViewController.m in Sources */ = {isa = PBXBuildFile; fileRef = 7F3010C31AB0DB4A0005C27F /* ViewController.m */; };
		7F3010C71AB0DB4A0005C27F /* Main.storyboard in Resources */ = {isa = PBXBuildFile; fileRef = 7F3010C51AB0DB4A0005C27F /* Main.storyboard */; };
		7F3010C91AB0DB4A0005C27F /* Images.xcassets in Resources */ = {isa = PBXBuildFile; fileRef = 7F3010C81AB0DB4A0005C27F /* Images.xcassets */; };
		7F3010CC1AB0DB4A0005C27F /* LaunchScreen.xib in Resources */ = {isa = PBXBuildFile; fileRef = 7F3010CA1AB0DB4A0005C27F /* LaunchScreen.xib */; };
		7F3010D81AB0DB4A0005C27F /* houmio_apply_widgetTests.m in Sources */ = {isa = PBXBuildFile; fileRef = 7F3010D71AB0DB4A0005C27F /* houmio_apply_widgetTests.m */; };
		7F3010E81AB0DB6D0005C27F /* NotificationCenter.framework in Frameworks */ = {isa = PBXBuildFile; fileRef = 7F3010E71AB0DB6D0005C27F /* NotificationCenter.framework */; };
		7F3010EE1AB0DB6D0005C27F /* TodayViewController.m in Sources */ = {isa = PBXBuildFile; fileRef = 7F3010ED1AB0DB6D0005C27F /* TodayViewController.m */; };
		7F3010F01AB0DB6D0005C27F /* MainInterface.storyboard in Resources */ = {isa = PBXBuildFile; fileRef = 7F3010EF1AB0DB6D0005C27F /* MainInterface.storyboard */; };
		7F3010F31AB0DB6D0005C27F /* Houm.io Scenes Widget.appex in Embed App Extensions */ = {isa = PBXBuildFile; fileRef = 7F3010E51AB0DB6D0005C27F /* Houm.io Scenes Widget.appex */; settings = {ATTRIBUTES = (RemoveHeadersOnCopy, ); }; };
/* End PBXBuildFile section */

/* Begin PBXContainerItemProxy section */
		7F3010D21AB0DB4A0005C27F /* PBXContainerItemProxy */ = {
			isa = PBXContainerItemProxy;
			containerPortal = 7F3010B01AB0DB4A0005C27F /* Project object */;
			proxyType = 1;
			remoteGlobalIDString = 7F3010B71AB0DB4A0005C27F;
			remoteInfo = "houmio-apply-widget";
		};
		7F3010F11AB0DB6D0005C27F /* PBXContainerItemProxy */ = {
			isa = PBXContainerItemProxy;
			containerPortal = 7F3010B01AB0DB4A0005C27F /* Project object */;
			proxyType = 1;
			remoteGlobalIDString = 7F3010E41AB0DB6D0005C27F;
			remoteInfo = "Houm.io Scenes Widget";
		};
/* End PBXContainerItemProxy section */

/* Begin PBXCopyFilesBuildPhase section */
		7F3010F71AB0DB6D0005C27F /* Embed App Extensions */ = {
			isa = PBXCopyFilesBuildPhase;
			buildActionMask = 2147483647;
			dstPath = "";
			dstSubfolderSpec = 13;
			files = (
				7F3010F31AB0DB6D0005C27F /* Houm.io Scenes Widget.appex in Embed App Extensions */,
			);
			name = "Embed App Extensions";
			runOnlyForDeploymentPostprocessing = 0;
		};
/* End PBXCopyFilesBuildPhase section */

/* Begin PBXFileReference section */
		7F3010B81AB0DB4A0005C27F /* houmio-apply-widget.app */ = {isa = PBXFileReference; explicitFileType = wrapper.application; includeInIndex = 0; path = "houmio-apply-widget.app"; sourceTree = BUILT_PRODUCTS_DIR; };
		7F3010BC1AB0DB4A0005C27F /* Info.plist */ = {isa = PBXFileReference; lastKnownFileType = text.plist.xml; path = Info.plist; sourceTree = "<group>"; };
		7F3010BD1AB0DB4A0005C27F /* main.m */ = {isa = PBXFileReference; lastKnownFileType = sourcecode.c.objc; path = main.m; sourceTree = "<group>"; };
		7F3010BF1AB0DB4A0005C27F /* AppDelegate.h */ = {isa = PBXFileReference; lastKnownFileType = sourcecode.c.h; path = AppDelegate.h; sourceTree = "<group>"; };
		7F3010C01AB0DB4A0005C27F /* AppDelegate.m */ = {isa = PBXFileReference; lastKnownFileType = sourcecode.c.objc; path = AppDelegate.m; sourceTree = "<group>"; };
		7F3010C21AB0DB4A0005C27F /* ViewController.h */ = {isa = PBXFileReference; lastKnownFileType = sourcecode.c.h; path = ViewController.h; sourceTree = "<group>"; };
		7F3010C31AB0DB4A0005C27F /* ViewController.m */ = {isa = PBXFileReference; lastKnownFileType = sourcecode.c.objc; path = ViewController.m; sourceTree = "<group>"; };
		7F3010C61AB0DB4A0005C27F /* Base */ = {isa = PBXFileReference; lastKnownFileType = file.storyboard; name = Base; path = Base.lproj/Main.storyboard; sourceTree = "<group>"; };
		7F3010C81AB0DB4A0005C27F /* Images.xcassets */ = {isa = PBXFileReference; lastKnownFileType = folder.assetcatalog; path = Images.xcassets; sourceTree = "<group>"; };
		7F3010CB1AB0DB4A0005C27F /* Base */ = {isa = PBXFileReference; lastKnownFileType = file.xib; name = Base; path = Base.lproj/LaunchScreen.xib; sourceTree = "<group>"; };
		7F3010D11AB0DB4A0005C27F /* houmio-apply-widgetTests.xctest */ = {isa = PBXFileReference; explicitFileType = wrapper.cfbundle; includeInIndex = 0; path = "houmio-apply-widgetTests.xctest"; sourceTree = BUILT_PRODUCTS_DIR; };
		7F3010D61AB0DB4A0005C27F /* Info.plist */ = {isa = PBXFileReference; lastKnownFileType = text.plist.xml; path = Info.plist; sourceTree = "<group>"; };
		7F3010D71AB0DB4A0005C27F /* houmio_apply_widgetTests.m */ = {isa = PBXFileReference; lastKnownFileType = sourcecode.c.objc; path = houmio_apply_widgetTests.m; sourceTree = "<group>"; };
		7F3010E51AB0DB6D0005C27F /* Houm.io Scenes Widget.appex */ = {isa = PBXFileReference; explicitFileType = "wrapper.app-extension"; includeInIndex = 0; path = "Houm.io Scenes Widget.appex"; sourceTree = BUILT_PRODUCTS_DIR; };
		7F3010E71AB0DB6D0005C27F /* NotificationCenter.framework */ = {isa = PBXFileReference; lastKnownFileType = wrapper.framework; name = NotificationCenter.framework; path = System/Library/Frameworks/NotificationCenter.framework; sourceTree = SDKROOT; };
		7F3010EB1AB0DB6D0005C27F /* Info.plist */ = {isa = PBXFileReference; lastKnownFileType = text.plist.xml; path = Info.plist; sourceTree = "<group>"; };
		7F3010EC1AB0DB6D0005C27F /* TodayViewController.h */ = {isa = PBXFileReference; lastKnownFileType = sourcecode.c.h; path = TodayViewController.h; sourceTree = "<group>"; };
		7F3010ED1AB0DB6D0005C27F /* TodayViewController.m */ = {isa = PBXFileReference; lastKnownFileType = sourcecode.c.objc; path = TodayViewController.m; sourceTree = "<group>"; };
		7F3010EF1AB0DB6D0005C27F /* MainInterface.storyboard */ = {isa = PBXFileReference; lastKnownFileType = file.storyboard; path = MainInterface.storyboard; sourceTree = "<group>"; };
		7F3010F81AB0E00A0005C27F /* houmio-apply-widget.entitlements */ = {isa = PBXFileReference; lastKnownFileType = text.xml; path = "houmio-apply-widget.entitlements"; sourceTree = "<group>"; };
		7F3010F91AB0E0720005C27F /* Houm.io Scenes Widget.entitlements */ = {isa = PBXFileReference; lastKnownFileType = text.xml; path = "Houm.io Scenes Widget.entitlements"; sourceTree = "<group>"; };
/* End PBXFileReference section */

/* Begin PBXFrameworksBuildPhase section */
		7F3010B51AB0DB4A0005C27F /* Frameworks */ = {
			isa = PBXFrameworksBuildPhase;
			buildActionMask = 2147483647;
			files = (
			);
			runOnlyForDeploymentPostprocessing = 0;
		};
		7F3010CE1AB0DB4A0005C27F /* Frameworks */ = {
			isa = PBXFrameworksBuildPhase;
			buildActionMask = 2147483647;
			files = (
			);
			runOnlyForDeploymentPostprocessing = 0;
		};
		7F3010E21AB0DB6D0005C27F /* Frameworks */ = {
			isa = PBXFrameworksBuildPhase;
			buildActionMask = 2147483647;
			files = (
				7F3010E81AB0DB6D0005C27F /* NotificationCenter.framework in Frameworks */,
			);
			runOnlyForDeploymentPostprocessing = 0;
		};
/* End PBXFrameworksBuildPhase section */

/* Begin PBXGroup section */
		7F3010AF1AB0DB4A0005C27F = {
			isa = PBXGroup;
			children = (
				7F3010BA1AB0DB4A0005C27F /* houmio-apply-widget */,
				7F3010D41AB0DB4A0005C27F /* houmio-apply-widgetTests */,
				7F3010E91AB0DB6D0005C27F /* Houm.io Scenes Widget */,
				7F3010E61AB0DB6D0005C27F /* Frameworks */,
				7F3010B91AB0DB4A0005C27F /* Products */,
			);
			sourceTree = "<group>";
		};
		7F3010B91AB0DB4A0005C27F /* Products */ = {
			isa = PBXGroup;
			children = (
				7F3010B81AB0DB4A0005C27F /* houmio-apply-widget.app */,
				7F3010D11AB0DB4A0005C27F /* houmio-apply-widgetTests.xctest */,
				7F3010E51AB0DB6D0005C27F /* Houm.io Scenes Widget.appex */,
			);
			name = Products;
			sourceTree = "<group>";
		};
		7F3010BA1AB0DB4A0005C27F /* houmio-apply-widget */ = {
			isa = PBXGroup;
			children = (
				7F3010F81AB0E00A0005C27F /* houmio-apply-widget.entitlements */,
				7F3010BF1AB0DB4A0005C27F /* AppDelegate.h */,
				7F3010C01AB0DB4A0005C27F /* AppDelegate.m */,
				7F3010C21AB0DB4A0005C27F /* ViewController.h */,
				7F3010C31AB0DB4A0005C27F /* ViewController.m */,
				7F3010C51AB0DB4A0005C27F /* Main.storyboard */,
				7F3010C81AB0DB4A0005C27F /* Images.xcassets */,
				7F3010CA1AB0DB4A0005C27F /* LaunchScreen.xib */,
				7F3010BB1AB0DB4A0005C27F /* Supporting Files */,
			);
			path = "houmio-apply-widget";
			sourceTree = "<group>";
		};
		7F3010BB1AB0DB4A0005C27F /* Supporting Files */ = {
			isa = PBXGroup;
			children = (
				7F3010BC1AB0DB4A0005C27F /* Info.plist */,
				7F3010BD1AB0DB4A0005C27F /* main.m */,
			);
			name = "Supporting Files";
			sourceTree = "<group>";
		};
		7F3010D41AB0DB4A0005C27F /* houmio-apply-widgetTests */ = {
			isa = PBXGroup;
			children = (
				7F3010D71AB0DB4A0005C27F /* houmio_apply_widgetTests.m */,
				7F3010D51AB0DB4A0005C27F /* Supporting Files */,
			);
			path = "houmio-apply-widgetTests";
			sourceTree = "<group>";
		};
		7F3010D51AB0DB4A0005C27F /* Supporting Files */ = {
			isa = PBXGroup;
			children = (
				7F3010D61AB0DB4A0005C27F /* Info.plist */,
			);
			name = "Supporting Files";
			sourceTree = "<group>";
		};
		7F3010E61AB0DB6D0005C27F /* Frameworks */ = {
			isa = PBXGroup;
			children = (
				7F3010E71AB0DB6D0005C27F /* NotificationCenter.framework */,
			);
			name = Frameworks;
			sourceTree = "<group>";
		};
		7F3010E91AB0DB6D0005C27F /* Houm.io Scenes Widget */ = {
			isa = PBXGroup;
			children = (
				7F3010F91AB0E0720005C27F /* Houm.io Scenes Widget.entitlements */,
				7F3010EC1AB0DB6D0005C27F /* TodayViewController.h */,
				7F3010ED1AB0DB6D0005C27F /* TodayViewController.m */,
				7F3010EF1AB0DB6D0005C27F /* MainInterface.storyboard */,
				7F3010EA1AB0DB6D0005C27F /* Supporting Files */,
			);
			path = "Houm.io Scenes Widget";
			sourceTree = "<group>";
		};
		7F3010EA1AB0DB6D0005C27F /* Supporting Files */ = {
			isa = PBXGroup;
			children = (
				7F3010EB1AB0DB6D0005C27F /* Info.plist */,
			);
			name = "Supporting Files";
			sourceTree = "<group>";
		};
/* End PBXGroup section */

/* Begin PBXNativeTarget section */
		7F3010B71AB0DB4A0005C27F /* houmio-apply-widget */ = {
			isa = PBXNativeTarget;
			buildConfigurationList = 7F3010DB1AB0DB4A0005C27F /* Build configuration list for PBXNativeTarget "houmio-apply-widget" */;
			buildPhases = (
				7F3010B41AB0DB4A0005C27F /* Sources */,
				7F3010B51AB0DB4A0005C27F /* Frameworks */,
				7F3010B61AB0DB4A0005C27F /* Resources */,
				7F3010F71AB0DB6D0005C27F /* Embed App Extensions */,
			);
			buildRules = (
			);
			dependencies = (
				7F3010F21AB0DB6D0005C27F /* PBXTargetDependency */,
			);
			name = "houmio-apply-widget";
			productName = "houmio-apply-widget";
			productReference = 7F3010B81AB0DB4A0005C27F /* houmio-apply-widget.app */;
			productType = "com.apple.product-type.application";
		};
		7F3010D01AB0DB4A0005C27F /* houmio-apply-widgetTests */ = {
			isa = PBXNativeTarget;
			buildConfigurationList = 7F3010DE1AB0DB4A0005C27F /* Build configuration list for PBXNativeTarget "houmio-apply-widgetTests" */;
			buildPhases = (
				7F3010CD1AB0DB4A0005C27F /* Sources */,
				7F3010CE1AB0DB4A0005C27F /* Frameworks */,
				7F3010CF1AB0DB4A0005C27F /* Resources */,
			);
			buildRules = (
			);
			dependencies = (
				7F3010D31AB0DB4A0005C27F /* PBXTargetDependency */,
			);
			name = "houmio-apply-widgetTests";
			productName = "houmio-apply-widgetTests";
			productReference = 7F3010D11AB0DB4A0005C27F /* houmio-apply-widgetTests.xctest */;
			productType = "com.apple.product-type.bundle.unit-test";
		};
		7F3010E41AB0DB6D0005C27F /* Houm.io Scenes Widget */ = {
			isa = PBXNativeTarget;
			buildConfigurationList = 7F3010F41AB0DB6D0005C27F /* Build configuration list for PBXNativeTarget "Houm.io Scenes Widget" */;
			buildPhases = (
				7F3010E11AB0DB6D0005C27F /* Sources */,
				7F3010E21AB0DB6D0005C27F /* Frameworks */,
				7F3010E31AB0DB6D0005C27F /* Resources */,
			);
			buildRules = (
			);
			dependencies = (
			);
			name = "Houm.io Scenes Widget";
			productName = "Houm.io Scenes Widget";
			productReference = 7F3010E51AB0DB6D0005C27F /* Houm.io Scenes Widget.appex */;
			productType = "com.apple.product-type.app-extension";
		};
/* End PBXNativeTarget section */

/* Begin PBXProject section */
		7F3010B01AB0DB4A0005C27F /* Project object */ = {
			isa = PBXProject;
			attributes = {
				LastUpgradeCheck = 0610;
				ORGANIZATIONNAME = "Eeli Jokinen";
				TargetAttributes = {
					7F3010B71AB0DB4A0005C27F = {
						CreatedOnToolsVersion = 6.1.1;
						DevelopmentTeam = 66829XU5HS;
						SystemCapabilities = {
							com.apple.ApplicationGroups.iOS = {
								enabled = 1;
							};
						};
					};
					7F3010D01AB0DB4A0005C27F = {
						CreatedOnToolsVersion = 6.1.1;
						TestTargetID = 7F3010B71AB0DB4A0005C27F;
					};
					7F3010E41AB0DB6D0005C27F = {
						CreatedOnToolsVersion = 6.1.1;
						DevelopmentTeam = 66829XU5HS;
						SystemCapabilities = {
							com.apple.ApplicationGroups.iOS = {
								enabled = 1;
							};
						};
					};
				};
			};
			buildConfigurationList = 7F3010B31AB0DB4A0005C27F /* Build configuration list for PBXProject "houmio-apply-widget" */;
			compatibilityVersion = "Xcode 3.2";
			developmentRegion = English;
			hasScannedForEncodings = 0;
			knownRegions = (
				en,
				Base,
			);
			mainGroup = 7F3010AF1AB0DB4A0005C27F;
			productRefGroup = 7F3010B91AB0DB4A0005C27F /* Products */;
			projectDirPath = "";
			projectRoot = "";
			targets = (
				7F3010B71AB0DB4A0005C27F /* houmio-apply-widget */,
				7F3010D01AB0DB4A0005C27F /* houmio-apply-widgetTests */,
				7F3010E41AB0DB6D0005C27F /* Houm.io Scenes Widget */,
			);
		};
/* End PBXProject section */

/* Begin PBXResourcesBuildPhase section */
		7F3010B61AB0DB4A0005C27F /* Resources */ = {
			isa = PBXResourcesBuildPhase;
			buildActionMask = 2147483647;
			files = (
				7F3010C71AB0DB4A0005C27F /* Main.storyboard in Resources */,
				7F3010CC1AB0DB4A0005C27F /* LaunchScreen.xib in Resources */,
				7F3010C91AB0DB4A0005C27F /* Images.xcassets in Resources */,
			);
			runOnlyForDeploymentPostprocessing = 0;
		};
		7F3010CF1AB0DB4A0005C27F /* Resources */ = {
			isa = PBXResourcesBuildPhase;
			buildActionMask = 2147483647;
			files = (
			);
			runOnlyForDeploymentPostprocessing = 0;
		};
		7F3010E31AB0DB6D0005C27F /* Resources */ = {
			isa = PBXResourcesBuildPhase;
			buildActionMask = 2147483647;
			files = (
				7F3010F01AB0DB6D0005C27F /* MainInterface.storyboard in Resources */,
			);
			runOnlyForDeploymentPostprocessing = 0;
		};
/* End PBXResourcesBuildPhase section */

/* Begin PBXSourcesBuildPhase section */
		7F3010B41AB0DB4A0005C27F /* Sources */ = {
			isa = PBXSourcesBuildPhase;
			buildActionMask = 2147483647;
			files = (
				7F3010C41AB0DB4A0005C27F /* ViewController.m in Sources */,
				7F3010C11AB0DB4A0005C27F /* AppDelegate.m in Sources */,
				7F3010BE1AB0DB4A0005C27F /* main.m in Sources */,
			);
			runOnlyForDeploymentPostprocessing = 0;
		};
		7F3010CD1AB0DB4A0005C27F /* Sources */ = {
			isa = PBXSourcesBuildPhase;
			buildActionMask = 2147483647;
			files = (
				7F3010D81AB0DB4A0005C27F /* houmio_apply_widgetTests.m in Sources */,
			);
			runOnlyForDeploymentPostprocessing = 0;
		};
		7F3010E11AB0DB6D0005C27F /* Sources */ = {
			isa = PBXSourcesBuildPhase;
			buildActionMask = 2147483647;
			files = (
				7F3010EE1AB0DB6D0005C27F /* TodayViewController.m in Sources */,
			);
			runOnlyForDeploymentPostprocessing = 0;
		};
/* End PBXSourcesBuildPhase section */

/* Begin PBXTargetDependency section */
		7F3010D31AB0DB4A0005C27F /* PBXTargetDependency */ = {
			isa = PBXTargetDependency;
			target = 7F3010B71AB0DB4A0005C27F /* houmio-apply-widget */;
			targetProxy = 7F3010D21AB0DB4A0005C27F /* PBXContainerItemProxy */;
		};
		7F3010F21AB0DB6D0005C27F /* PBXTargetDependency */ = {
			isa = PBXTargetDependency;
			target = 7F3010E41AB0DB6D0005C27F /* Houm.io Scenes Widget */;
			targetProxy = 7F3010F11AB0DB6D0005C27F /* PBXContainerItemProxy */;
		};
/* End PBXTargetDependency section */

/* Begin PBXVariantGroup section */
		7F3010C51AB0DB4A0005C27F /* Main.storyboard */ = {
			isa = PBXVariantGroup;
			children = (
				7F3010C61AB0DB4A0005C27F /* Base */,
			);
			name = Main.storyboard;
			sourceTree = "<group>";
		};
		7F3010CA1AB0DB4A0005C27F /* LaunchScreen.xib */ = {
			isa = PBXVariantGroup;
			children = (
				7F3010CB1AB0DB4A0005C27F /* Base */,
			);
			name = LaunchScreen.xib;
			sourceTree = "<group>";
		};
/* End PBXVariantGroup section */

/* Begin XCBuildConfiguration section */
		7F3010D91AB0DB4A0005C27F /* Debug */ = {
			isa = XCBuildConfiguration;
			buildSettings = {
				ALWAYS_SEARCH_USER_PATHS = NO;
				CLANG_CXX_LANGUAGE_STANDARD = "gnu++0x";
				CLANG_CXX_LIBRARY = "libc++";
				CLANG_ENABLE_MODULES = YES;
				CLANG_ENABLE_OBJC_ARC = YES;
				CLANG_WARN_BOOL_CONVERSION = YES;
				CLANG_WARN_CONSTANT_CONVERSION = YES;
				CLANG_WARN_DIRECT_OBJC_ISA_USAGE = YES_ERROR;
				CLANG_WARN_EMPTY_BODY = YES;
				CLANG_WARN_ENUM_CONVERSION = YES;
				CLANG_WARN_INT_CONVERSION = YES;
				CLANG_WARN_OBJC_ROOT_CLASS = YES_ERROR;
				CLANG_WARN_UNREACHABLE_CODE = YES;
				CLANG_WARN__DUPLICATE_METHOD_MATCH = YES;
				"CODE_SIGN_IDENTITY[sdk=iphoneos*]" = "iPhone Developer";
				COPY_PHASE_STRIP = NO;
				ENABLE_STRICT_OBJC_MSGSEND = YES;
				GCC_C_LANGUAGE_STANDARD = gnu99;
				GCC_DYNAMIC_NO_PIC = NO;
				GCC_OPTIMIZATION_LEVEL = 0;
				GCC_PREPROCESSOR_DEFINITIONS = (
					"DEBUG=1",
					"$(inherited)",
				);
				GCC_SYMBOLS_PRIVATE_EXTERN = NO;
				GCC_WARN_64_TO_32_BIT_CONVERSION = YES;
				GCC_WARN_ABOUT_RETURN_TYPE = YES_ERROR;
				GCC_WARN_UNDECLARED_SELECTOR = YES;
				GCC_WARN_UNINITIALIZED_AUTOS = YES_AGGRESSIVE;
				GCC_WARN_UNUSED_FUNCTION = YES;
				GCC_WARN_UNUSED_VARIABLE = YES;
				IPHONEOS_DEPLOYMENT_TARGET = 8.1;
				MTL_ENABLE_DEBUG_INFO = YES;
				ONLY_ACTIVE_ARCH = YES;
				SDKROOT = iphoneos;
			};
			name = Debug;
		};
		7F3010DA1AB0DB4A0005C27F /* Release */ = {
			isa = XCBuildConfiguration;
			buildSettings = {
				ALWAYS_SEARCH_USER_PATHS = NO;
				CLANG_CXX_LANGUAGE_STANDARD = "gnu++0x";
				CLANG_CXX_LIBRARY = "libc++";
				CLANG_ENABLE_MODULES = YES;
				CLANG_ENABLE_OBJC_ARC = YES;
				CLANG_WARN_BOOL_CONVERSION = YES;
				CLANG_WARN_CONSTANT_CONVERSION = YES;
				CLANG_WARN_DIRECT_OBJC_ISA_USAGE = YES_ERROR;
				CLANG_WARN_EMPTY_BODY = YES;
				CLANG_WARN_ENUM_CONVERSION = YES;
				CLANG_WARN_INT_CONVERSION = YES;
				CLANG_WARN_OBJC_ROOT_CLASS = YES_ERROR;
				CLANG_WARN_UNREACHABLE_CODE = YES;
				CLANG_WARN__DUPLICATE_METHOD_MATCH = YES;
				"CODE_SIGN_IDENTITY[sdk=iphoneos*]" = "iPhone Developer";
				COPY_PHASE_STRIP = YES;
				ENABLE_NS_ASSERTIONS = NO;
				ENABLE_STRICT_OBJC_MSGSEND = YES;
				GCC_C_LANGUAGE_STANDARD = gnu99;
				GCC_WARN_64_TO_32_BIT_CONVERSION = YES;
				GCC_WARN_ABOUT_RETURN_TYPE = YES_ERROR;
				GCC_WARN_UNDECLARED_SELECTOR = YES;
				GCC_WARN_UNINITIALIZED_AUTOS = YES_AGGRESSIVE;
				GCC_WARN_UNUSED_FUNCTION = YES;
				GCC_WARN_UNUSED_VARIABLE = YES;
				IPHONEOS_DEPLOYMENT_TARGET = 8.1;
				MTL_ENABLE_DEBUG_INFO = NO;
				SDKROOT = iphoneos;
				VALIDATE_PRODUCT = YES;
			};
			name = Release;
		};
		7F3010DC1AB0DB4A0005C27F /* Debug */ = {
			isa = XCBuildConfiguration;
			buildSettings = {
				ASSETCATALOG_COMPILER_APPICON_NAME = AppIcon;
				CODE_SIGN_ENTITLEMENTS = "houmio-apply-widget/houmio-apply-widget.entitlements";
				CODE_SIGN_IDENTITY = "iPhone Developer";
				"CODE_SIGN_IDENTITY[sdk=iphoneos*]" = "iPhone Developer";
				INFOPLIST_FILE = "houmio-apply-widget/Info.plist";
				LD_RUNPATH_SEARCH_PATHS = "$(inherited) @executable_path/Frameworks";
				PRODUCT_NAME = "$(TARGET_NAME)";
				PROVISIONING_PROFILE = "";
			};
			name = Debug;
		};
		7F3010DD1AB0DB4A0005C27F /* Release */ = {
			isa = XCBuildConfiguration;
			buildSettings = {
				ASSETCATALOG_COMPILER_APPICON_NAME = AppIcon;
				CODE_SIGN_ENTITLEMENTS = "houmio-apply-widget/houmio-apply-widget.entitlements";
				CODE_SIGN_IDENTITY = "iPhone Developer";
				"CODE_SIGN_IDENTITY[sdk=iphoneos*]" = "iPhone Developer";
				INFOPLIST_FILE = "houmio-apply-widget/Info.plist";
				LD_RUNPATH_SEARCH_PATHS = "$(inherited) @executable_path/Frameworks";
				PRODUCT_NAME = "$(TARGET_NAME)";
				PROVISIONING_PROFILE = "";
			};
			name = Release;
		};
		7F3010DF1AB0DB4A0005C27F /* Debug */ = {
			isa = XCBuildConfiguration;
			buildSettings = {
				BUNDLE_LOADER = "$(TEST_HOST)";
				FRAMEWORK_SEARCH_PATHS = (
					"$(SDKROOT)/Developer/Library/Frameworks",
					"$(inherited)",
				);
				GCC_PREPROCESSOR_DEFINITIONS = (
					"DEBUG=1",
					"$(inherited)",
				);
				INFOPLIST_FILE = "houmio-apply-widgetTests/Info.plist";
				LD_RUNPATH_SEARCH_PATHS = "$(inherited) @executable_path/Frameworks @loader_path/Frameworks";
				PRODUCT_NAME = "$(TARGET_NAME)";
				TEST_HOST = "$(BUILT_PRODUCTS_DIR)/houmio-apply-widget.app/houmio-apply-widget";
			};
			name = Debug;
		};
		7F3010E01AB0DB4A0005C27F /* Release */ = {
			isa = XCBuildConfiguration;
			buildSettings = {
				BUNDLE_LOADER = "$(TEST_HOST)";
				FRAMEWORK_SEARCH_PATHS = (
					"$(SDKROOT)/Developer/Library/Frameworks",
					"$(inherited)",
				);
				INFOPLIST_FILE = "houmio-apply-widgetTests/Info.plist";
				LD_RUNPATH_SEARCH_PATHS = "$(inherited) @executable_path/Frameworks @loader_path/Frameworks";
				PRODUCT_NAME = "$(TARGET_NAME)";
				TEST_HOST = "$(BUILT_PRODUCTS_DIR)/houmio-apply-widget.app/houmio-apply-widget";
			};
			name = Release;
		};
		7F3010F51AB0DB6D0005C27F /* Debug */ = {
			isa = XCBuildConfiguration;
			buildSettings = {
				CODE_SIGN_ENTITLEMENTS = "Houm.io Scenes Widget/Houm.io Scenes Widget.entitlements";
				CODE_SIGN_IDENTITY = "iPhone Developer";
				"CODE_SIGN_IDENTITY[sdk=iphoneos*]" = "iPhone Developer";
				GCC_PREPROCESSOR_DEFINITIONS = (
					"DEBUG=1",
					"$(inherited)",
				);
				INFOPLIST_FILE = "Houm.io Scenes Widget/Info.plist";
				LD_RUNPATH_SEARCH_PATHS = "$(inherited) @executable_path/Frameworks @executable_path/../../Frameworks";
				PRODUCT_NAME = "$(TARGET_NAME)";
				PROVISIONING_PROFILE = "";
				SKIP_INSTALL = YES;
			};
			name = Debug;
		};
		7F3010F61AB0DB6D0005C27F /* Release */ = {
			isa = XCBuildConfiguration;
			buildSettings = {
				CODE_SIGN_ENTITLEMENTS = "Houm.io Scenes Widget/Houm.io Scenes Widget.entitlements";
				CODE_SIGN_IDENTITY = "iPhone Developer";
				"CODE_SIGN_IDENTITY[sdk=iphoneos*]" = "iPhone Developer";
				INFOPLIST_FILE = "Houm.io Scenes Widget/Info.plist";
				LD_RUNPATH_SEARCH_PATHS = "$(inherited) @executable_path/Frameworks @executable_path/../../Frameworks";
				PRODUCT_NAME = "$(TARGET_NAME)";
				PROVISIONING_PROFILE = "";
				SKIP_INSTALL = YES;
			};
			name = Release;
		};
/* End XCBuildConfiguration section */

/* Begin XCConfigurationList section */
		7F3010B31AB0DB4A0005C27F /* Build configuration list for PBXProject "houmio-apply-widget" */ = {
			isa = XCConfigurationList;
			buildConfigurations = (
				7F3010D91AB0DB4A0005C27F /* Debug */,
				7F3010DA1AB0DB4A0005C27F /* Release */,
			);
			defaultConfigurationIsVisible = 0;
			defaultConfigurationName = Release;
		};
		7F3010DB1AB0DB4A0005C27F /* Build configuration list for PBXNativeTarget "houmio-apply-widget" */ = {
			isa = XCConfigurationList;
			buildConfigurations = (
				7F3010DC1AB0DB4A0005C27F /* Debug */,
				7F3010DD1AB0DB4A0005C27F /* Release */,
			);
			defaultConfigurationIsVisible = 0;
			defaultConfigurationName = Release;
		};
		7F3010DE1AB0DB4A0005C27F /* Build configuration list for PBXNativeTarget "houmio-apply-widgetTests" */ = {
			isa = XCConfigurationList;
			buildConfigurations = (
				7F3010DF1AB0DB4A0005C27F /* Debug */,
				7F3010E01AB0DB4A0005C27F /* Release */,
			);
			defaultConfigurationIsVisible = 0;
			defaultConfigurationName = Release;
		};
		7F3010F41AB0DB6D0005C27F /* Build configuration list for PBXNativeTarget "Houm.io Scenes Widget" */ = {
			isa = XCConfigurationList;
			buildConfigurations = (
				7F3010F51AB0DB6D0005C27F /* Debug */,
				7F3010F61AB0DB6D0005C27F /* Release */,
			);
			defaultConfigurationIsVisible = 0;
			defaultConfigurationName = Release;
		};
/* End XCConfigurationList section */
	};
	rootObject = 7F3010B01AB0DB4A0005C27F /* Project object */;
}
